// !$*UTF8*$!
{
	archiveVersion = 1;
	classes = {
	};
	objectVersion = 56;
	objects = {

/* Begin PBXBuildFile section */
		154A0D4E292E5EC5000EA6F9 /* WatchlistView.swift in Sources */ = {isa = PBXBuildFile; fileRef = 154A0D4D292E5EC5000EA6F9 /* WatchlistView.swift */; };
		15556E16293E3D4D004B7D75 /* ViewModifiers.swift in Sources */ = {isa = PBXBuildFile; fileRef = 15556E15293E3D4D004B7D75 /* ViewModifiers.swift */; };
		157C5726292D210100E0957A /* HomeView.swift in Sources */ = {isa = PBXBuildFile; fileRef = 157C5725292D210100E0957A /* HomeView.swift */; };
		157E4157292C08FA00522665 /* StockData.swift in Sources */ = {isa = PBXBuildFile; fileRef = 157E4156292C08FA00522665 /* StockData.swift */; };
		158D89EF2939E67D0071D276 /* LoginView.swift in Sources */ = {isa = PBXBuildFile; fileRef = 158D89EE2939E67D0071D276 /* LoginView.swift */; };
		158D89F12939E6CC0071D276 /* LoginViewViewModel.swift in Sources */ = {isa = PBXBuildFile; fileRef = 158D89F02939E6CC0071D276 /* LoginViewViewModel.swift */; };
		158D89F3293A190C0071D276 /* AccountView.swift in Sources */ = {isa = PBXBuildFile; fileRef = 158D89F2293A190C0071D276 /* AccountView.swift */; };
		15E25D782937A70200F4F4C6 /* LineChart.swift in Sources */ = {isa = PBXBuildFile; fileRef = 15E25D772937A70200F4F4C6 /* LineChart.swift */; };
		15E25D7B2938F92200F4F4C6 /* FirebaseAuth in Frameworks */ = {isa = PBXBuildFile; productRef = 15E25D7A2938F92200F4F4C6 /* FirebaseAuth */; };
		15E25D7D2938F92200F4F4C6 /* FirebaseFirestore in Frameworks */ = {isa = PBXBuildFile; productRef = 15E25D7C2938F92200F4F4C6 /* FirebaseFirestore */; };
		15E25D7F2938F99E00F4F4C6 /* GoogleService-Info.plist in Resources */ = {isa = PBXBuildFile; fileRef = 15E25D7E2938F99E00F4F4C6 /* GoogleService-Info.plist */; };
		15FAFE3729313240008C4670 /* StockSearchViewModel.swift in Sources */ = {isa = PBXBuildFile; fileRef = 15FAFE3629313240008C4670 /* StockSearchViewModel.swift */; };
		15FAFE392931326C008C4670 /* StockSearchData.swift in Sources */ = {isa = PBXBuildFile; fileRef = 15FAFE382931326C008C4670 /* StockSearchData.swift */; };
		15FAFE3B293132A4008C4670 /* StockSearchService.swift in Sources */ = {isa = PBXBuildFile; fileRef = 15FAFE3A293132A4008C4670 /* StockSearchService.swift */; };
		15FAFE42293508C1008C4670 /* CurrencyDataService.swift in Sources */ = {isa = PBXBuildFile; fileRef = 15FAFE41293508C1008C4670 /* CurrencyDataService.swift */; };
		15FAFE44293508F1008C4670 /* CurrencyData.swift in Sources */ = {isa = PBXBuildFile; fileRef = 15FAFE43293508F1008C4670 /* CurrencyData.swift */; };
		780676112940015900779B15 /* WatchlistViewForNonUsers.swift in Sources */ = {isa = PBXBuildFile; fileRef = 780676102940015900779B15 /* WatchlistViewForNonUsers.swift */; };
		780948E329391045005C2A63 /* CompanyOverviewData.swift in Sources */ = {isa = PBXBuildFile; fileRef = 780948E229391045005C2A63 /* CompanyOverviewData.swift */; };
		780948E52939109E005C2A63 /* CompanyOverviewDataService.swift in Sources */ = {isa = PBXBuildFile; fileRef = 780948E42939109E005C2A63 /* CompanyOverviewDataService.swift */; };
		780948E729391171005C2A63 /* GraphCharView.swift in Sources */ = {isa = PBXBuildFile; fileRef = 780948E629391171005C2A63 /* GraphCharView.swift */; };
		780948E9293911AC005C2A63 /* IndividualStockView.swift in Sources */ = {isa = PBXBuildFile; fileRef = 780948E8293911AC005C2A63 /* IndividualStockView.swift */; };
		780948EB29391542005C2A63 /* CompanyOverviewViewModel.swift in Sources */ = {isa = PBXBuildFile; fileRef = 780948EA29391542005C2A63 /* CompanyOverviewViewModel.swift */; };
		780948ED2939247F005C2A63 /* SheetView.swift in Sources */ = {isa = PBXBuildFile; fileRef = 780948EC2939247F005C2A63 /* SheetView.swift */; };
		78ACCF28292BE11B00528FDE /* MoneyBuzzApp.swift in Sources */ = {isa = PBXBuildFile; fileRef = 78ACCF27292BE11B00528FDE /* MoneyBuzzApp.swift */; };
		78ACCF2A292BE11B00528FDE /* ContentView.swift in Sources */ = {isa = PBXBuildFile; fileRef = 78ACCF29292BE11B00528FDE /* ContentView.swift */; };
		78ACCF2C292BE11D00528FDE /* Assets.xcassets in Resources */ = {isa = PBXBuildFile; fileRef = 78ACCF2B292BE11D00528FDE /* Assets.xcassets */; };
		78ACCF2F292BE11D00528FDE /* Preview Assets.xcassets in Resources */ = {isa = PBXBuildFile; fileRef = 78ACCF2E292BE11D00528FDE /* Preview Assets.xcassets */; };
		78ACCF31292BE11D00528FDE /* Persistence.swift in Sources */ = {isa = PBXBuildFile; fileRef = 78ACCF30292BE11D00528FDE /* Persistence.swift */; };
		78ACCF34292BE11D00528FDE /* MoneyBuzz.xcdatamodeld in Sources */ = {isa = PBXBuildFile; fileRef = 78ACCF32292BE11D00528FDE /* MoneyBuzz.xcdatamodeld */; };
		78ACCF3E292BE11E00528FDE /* MoneyBuzzTests.swift in Sources */ = {isa = PBXBuildFile; fileRef = 78ACCF3D292BE11E00528FDE /* MoneyBuzzTests.swift */; };
		78ACCF48292BE11E00528FDE /* MoneyBuzzUITests.swift in Sources */ = {isa = PBXBuildFile; fileRef = 78ACCF47292BE11E00528FDE /* MoneyBuzzUITests.swift */; };
		78ACCF4A292BE11E00528FDE /* MoneyBuzzUITestsLaunchTests.swift in Sources */ = {isa = PBXBuildFile; fileRef = 78ACCF49292BE11E00528FDE /* MoneyBuzzUITestsLaunchTests.swift */; };
		78ACCF5B292BE91100528FDE /* DataService.swift in Sources */ = {isa = PBXBuildFile; fileRef = 78ACCF5A292BE91100528FDE /* DataService.swift */; };
		78EDD504292D2258005B56A2 /* StockDataViewModel.swift in Sources */ = {isa = PBXBuildFile; fileRef = 78EDD503292D2258005B56A2 /* StockDataViewModel.swift */; };
		78EDD507292EE9AB005B56A2 /* NewsData.swift in Sources */ = {isa = PBXBuildFile; fileRef = 78EDD506292EE9AB005B56A2 /* NewsData.swift */; };
		78EDD509292EF1C7005B56A2 /* NewsDataService.swift in Sources */ = {isa = PBXBuildFile; fileRef = 78EDD508292EF1C7005B56A2 /* NewsDataService.swift */; };
		78EDD50B292EF5C2005B56A2 /* NewsDataViewModel.swift in Sources */ = {isa = PBXBuildFile; fileRef = 78EDD50A292EF5C2005B56A2 /* NewsDataViewModel.swift */; };
		78EDD50D292FB1E8005B56A2 /* NewsView.swift in Sources */ = {isa = PBXBuildFile; fileRef = 78EDD50C292FB1E8005B56A2 /* NewsView.swift */; };
/* End PBXBuildFile section */

/* Begin PBXContainerItemProxy section */
		78ACCF3A292BE11E00528FDE /* PBXContainerItemProxy */ = {
			isa = PBXContainerItemProxy;
			containerPortal = 78ACCF1C292BE11B00528FDE /* Project object */;
			proxyType = 1;
			remoteGlobalIDString = 78ACCF23292BE11B00528FDE;
			remoteInfo = MoneyBuzz;
		};
		78ACCF44292BE11E00528FDE /* PBXContainerItemProxy */ = {
			isa = PBXContainerItemProxy;
			containerPortal = 78ACCF1C292BE11B00528FDE /* Project object */;
			proxyType = 1;
			remoteGlobalIDString = 78ACCF23292BE11B00528FDE;
			remoteInfo = MoneyBuzz;
		};
/* End PBXContainerItemProxy section */

/* Begin PBXFileReference section */
		151C054D292CCBE200FC5D14 /* Info.plist */ = {isa = PBXFileReference; lastKnownFileType = text.plist; path = Info.plist; sourceTree = "<group>"; };
		154A0D4D292E5EC5000EA6F9 /* WatchlistView.swift */ = {isa = PBXFileReference; lastKnownFileType = sourcecode.swift; path = WatchlistView.swift; sourceTree = "<group>"; };
		15556E15293E3D4D004B7D75 /* ViewModifiers.swift */ = {isa = PBXFileReference; lastKnownFileType = sourcecode.swift; path = ViewModifiers.swift; sourceTree = "<group>"; };
		157C5725292D210100E0957A /* HomeView.swift */ = {isa = PBXFileReference; lastKnownFileType = sourcecode.swift; path = HomeView.swift; sourceTree = "<group>"; };
		157E4156292C08FA00522665 /* StockData.swift */ = {isa = PBXFileReference; lastKnownFileType = sourcecode.swift; name = StockData.swift; path = MoneyBuzz/Model/StockData.swift; sourceTree = SOURCE_ROOT; };
		158D89EE2939E67D0071D276 /* LoginView.swift */ = {isa = PBXFileReference; lastKnownFileType = sourcecode.swift; path = LoginView.swift; sourceTree = "<group>"; };
		158D89F02939E6CC0071D276 /* LoginViewViewModel.swift */ = {isa = PBXFileReference; lastKnownFileType = sourcecode.swift; path = LoginViewViewModel.swift; sourceTree = "<group>"; };
		158D89F2293A190C0071D276 /* AccountView.swift */ = {isa = PBXFileReference; lastKnownFileType = sourcecode.swift; path = AccountView.swift; sourceTree = "<group>"; };
		15E25D772937A70200F4F4C6 /* LineChart.swift */ = {isa = PBXFileReference; lastKnownFileType = sourcecode.swift; path = LineChart.swift; sourceTree = "<group>"; };
		15E25D7E2938F99E00F4F4C6 /* GoogleService-Info.plist */ = {isa = PBXFileReference; fileEncoding = 4; lastKnownFileType = text.plist.xml; path = "GoogleService-Info.plist"; sourceTree = "<group>"; };
		15FAFE3629313240008C4670 /* StockSearchViewModel.swift */ = {isa = PBXFileReference; lastKnownFileType = sourcecode.swift; path = StockSearchViewModel.swift; sourceTree = "<group>"; };
		15FAFE382931326C008C4670 /* StockSearchData.swift */ = {isa = PBXFileReference; lastKnownFileType = sourcecode.swift; path = StockSearchData.swift; sourceTree = "<group>"; };
		15FAFE3A293132A4008C4670 /* StockSearchService.swift */ = {isa = PBXFileReference; lastKnownFileType = sourcecode.swift; path = StockSearchService.swift; sourceTree = "<group>"; };
		15FAFE41293508C1008C4670 /* CurrencyDataService.swift */ = {isa = PBXFileReference; lastKnownFileType = sourcecode.swift; path = CurrencyDataService.swift; sourceTree = "<group>"; };
		15FAFE43293508F1008C4670 /* CurrencyData.swift */ = {isa = PBXFileReference; lastKnownFileType = sourcecode.swift; path = CurrencyData.swift; sourceTree = "<group>"; };
		780676102940015900779B15 /* WatchlistViewForNonUsers.swift */ = {isa = PBXFileReference; lastKnownFileType = sourcecode.swift; path = WatchlistViewForNonUsers.swift; sourceTree = "<group>"; };
		780948E229391045005C2A63 /* CompanyOverviewData.swift */ = {isa = PBXFileReference; lastKnownFileType = sourcecode.swift; path = CompanyOverviewData.swift; sourceTree = "<group>"; };
		780948E42939109E005C2A63 /* CompanyOverviewDataService.swift */ = {isa = PBXFileReference; lastKnownFileType = sourcecode.swift; path = CompanyOverviewDataService.swift; sourceTree = "<group>"; };
		780948E629391171005C2A63 /* GraphCharView.swift */ = {isa = PBXFileReference; lastKnownFileType = sourcecode.swift; path = GraphCharView.swift; sourceTree = "<group>"; };
		780948E8293911AC005C2A63 /* IndividualStockView.swift */ = {isa = PBXFileReference; lastKnownFileType = sourcecode.swift; path = IndividualStockView.swift; sourceTree = "<group>"; };
		780948EA29391542005C2A63 /* CompanyOverviewViewModel.swift */ = {isa = PBXFileReference; lastKnownFileType = sourcecode.swift; path = CompanyOverviewViewModel.swift; sourceTree = "<group>"; };
		780948EC2939247F005C2A63 /* SheetView.swift */ = {isa = PBXFileReference; lastKnownFileType = sourcecode.swift; path = SheetView.swift; sourceTree = "<group>"; };
		78ACCF24292BE11B00528FDE /* MoneyBuzz.app */ = {isa = PBXFileReference; explicitFileType = wrapper.application; includeInIndex = 0; path = MoneyBuzz.app; sourceTree = BUILT_PRODUCTS_DIR; };
		78ACCF27292BE11B00528FDE /* MoneyBuzzApp.swift */ = {isa = PBXFileReference; lastKnownFileType = sourcecode.swift; path = MoneyBuzzApp.swift; sourceTree = "<group>"; };
		78ACCF29292BE11B00528FDE /* ContentView.swift */ = {isa = PBXFileReference; lastKnownFileType = sourcecode.swift; path = ContentView.swift; sourceTree = "<group>"; };
		78ACCF2B292BE11D00528FDE /* Assets.xcassets */ = {isa = PBXFileReference; lastKnownFileType = folder.assetcatalog; path = Assets.xcassets; sourceTree = "<group>"; };
		78ACCF2E292BE11D00528FDE /* Preview Assets.xcassets */ = {isa = PBXFileReference; lastKnownFileType = folder.assetcatalog; path = "Preview Assets.xcassets"; sourceTree = "<group>"; };
		78ACCF30292BE11D00528FDE /* Persistence.swift */ = {isa = PBXFileReference; lastKnownFileType = sourcecode.swift; path = Persistence.swift; sourceTree = "<group>"; };
		78ACCF33292BE11D00528FDE /* MoneyBuzz.xcdatamodel */ = {isa = PBXFileReference; lastKnownFileType = wrapper.xcdatamodel; path = MoneyBuzz.xcdatamodel; sourceTree = "<group>"; };
		78ACCF39292BE11E00528FDE /* MoneyBuzzTests.xctest */ = {isa = PBXFileReference; explicitFileType = wrapper.cfbundle; includeInIndex = 0; path = MoneyBuzzTests.xctest; sourceTree = BUILT_PRODUCTS_DIR; };
		78ACCF3D292BE11E00528FDE /* MoneyBuzzTests.swift */ = {isa = PBXFileReference; lastKnownFileType = sourcecode.swift; path = MoneyBuzzTests.swift; sourceTree = "<group>"; };
		78ACCF43292BE11E00528FDE /* MoneyBuzzUITests.xctest */ = {isa = PBXFileReference; explicitFileType = wrapper.cfbundle; includeInIndex = 0; path = MoneyBuzzUITests.xctest; sourceTree = BUILT_PRODUCTS_DIR; };
		78ACCF47292BE11E00528FDE /* MoneyBuzzUITests.swift */ = {isa = PBXFileReference; lastKnownFileType = sourcecode.swift; path = MoneyBuzzUITests.swift; sourceTree = "<group>"; };
		78ACCF49292BE11E00528FDE /* MoneyBuzzUITestsLaunchTests.swift */ = {isa = PBXFileReference; lastKnownFileType = sourcecode.swift; path = MoneyBuzzUITestsLaunchTests.swift; sourceTree = "<group>"; };
		78ACCF5A292BE91100528FDE /* DataService.swift */ = {isa = PBXFileReference; lastKnownFileType = sourcecode.swift; path = DataService.swift; sourceTree = "<group>"; };
		78EDD503292D2258005B56A2 /* StockDataViewModel.swift */ = {isa = PBXFileReference; lastKnownFileType = sourcecode.swift; name = StockDataViewModel.swift; path = MoneyBuzz/ViewModel/StockDataViewModel.swift; sourceTree = SOURCE_ROOT; };
		78EDD506292EE9AB005B56A2 /* NewsData.swift */ = {isa = PBXFileReference; lastKnownFileType = sourcecode.swift; path = NewsData.swift; sourceTree = "<group>"; };
		78EDD508292EF1C7005B56A2 /* NewsDataService.swift */ = {isa = PBXFileReference; lastKnownFileType = sourcecode.swift; path = NewsDataService.swift; sourceTree = "<group>"; };
		78EDD50A292EF5C2005B56A2 /* NewsDataViewModel.swift */ = {isa = PBXFileReference; lastKnownFileType = sourcecode.swift; path = NewsDataViewModel.swift; sourceTree = "<group>"; };
		78EDD50C292FB1E8005B56A2 /* NewsView.swift */ = {isa = PBXFileReference; lastKnownFileType = sourcecode.swift; path = NewsView.swift; sourceTree = "<group>"; };
/* End PBXFileReference section */

/* Begin PBXFrameworksBuildPhase section */
		78ACCF21292BE11B00528FDE /* Frameworks */ = {
			isa = PBXFrameworksBuildPhase;
			buildActionMask = 2147483647;
			files = (
				15E25D7B2938F92200F4F4C6 /* FirebaseAuth in Frameworks */,
				15E25D7D2938F92200F4F4C6 /* FirebaseFirestore in Frameworks */,
			);
			runOnlyForDeploymentPostprocessing = 0;
		};
		78ACCF36292BE11E00528FDE /* Frameworks */ = {
			isa = PBXFrameworksBuildPhase;
			buildActionMask = 2147483647;
			files = (
			);
			runOnlyForDeploymentPostprocessing = 0;
		};
		78ACCF40292BE11E00528FDE /* Frameworks */ = {
			isa = PBXFrameworksBuildPhase;
			buildActionMask = 2147483647;
			files = (
			);
			runOnlyForDeploymentPostprocessing = 0;
		};
/* End PBXFrameworksBuildPhase section */

/* Begin PBXGroup section */
		15556E12293E3BEB004B7D75 /* ViewModifiers */ = {
			isa = PBXGroup;
			children = (
				15556E15293E3D4D004B7D75 /* ViewModifiers.swift */,
			);
			path = ViewModifiers;
			sourceTree = "<group>";
		};
		78ACCF1B292BE11B00528FDE = {
			isa = PBXGroup;
			children = (
				78ACCF26292BE11B00528FDE /* MoneyBuzz */,
				78ACCF3C292BE11E00528FDE /* MoneyBuzzTests */,
				78ACCF46292BE11E00528FDE /* MoneyBuzzUITests */,
				78ACCF25292BE11B00528FDE /* Products */,
			);
			sourceTree = "<group>";
		};
		78ACCF25292BE11B00528FDE /* Products */ = {
			isa = PBXGroup;
			children = (
				78ACCF24292BE11B00528FDE /* MoneyBuzz.app */,
				78ACCF39292BE11E00528FDE /* MoneyBuzzTests.xctest */,
				78ACCF43292BE11E00528FDE /* MoneyBuzzUITests.xctest */,
			);
			name = Products;
			sourceTree = "<group>";
		};
		78ACCF26292BE11B00528FDE /* MoneyBuzz */ = {
			isa = PBXGroup;
			children = (
				15556E12293E3BEB004B7D75 /* ViewModifiers */,
				78EDD505292D2F4D005B56A2 /* ViewModel */,
				78EDD4FD292D1C44005B56A2 /* Model */,
				151C054D292CCBE200FC5D14 /* Info.plist */,
				78ACCF59292BE82900528FDE /* Service */,
				78ACCF56292BE14C00528FDE /* Views */,
				78ACCF27292BE11B00528FDE /* MoneyBuzzApp.swift */,
				78ACCF2B292BE11D00528FDE /* Assets.xcassets */,
				15E25D7E2938F99E00F4F4C6 /* GoogleService-Info.plist */,
				78ACCF30292BE11D00528FDE /* Persistence.swift */,
				78ACCF32292BE11D00528FDE /* MoneyBuzz.xcdatamodeld */,
				78ACCF2D292BE11D00528FDE /* Preview Content */,
			);
			path = MoneyBuzz;
			sourceTree = "<group>";
		};
		78ACCF2D292BE11D00528FDE /* Preview Content */ = {
			isa = PBXGroup;
			children = (
				78ACCF2E292BE11D00528FDE /* Preview Assets.xcassets */,
			);
			path = "Preview Content";
			sourceTree = "<group>";
		};
		78ACCF3C292BE11E00528FDE /* MoneyBuzzTests */ = {
			isa = PBXGroup;
			children = (
				78ACCF3D292BE11E00528FDE /* MoneyBuzzTests.swift */,
			);
			path = MoneyBuzzTests;
			sourceTree = "<group>";
		};
		78ACCF46292BE11E00528FDE /* MoneyBuzzUITests */ = {
			isa = PBXGroup;
			children = (
				78ACCF47292BE11E00528FDE /* MoneyBuzzUITests.swift */,
				78ACCF49292BE11E00528FDE /* MoneyBuzzUITestsLaunchTests.swift */,
			);
			path = MoneyBuzzUITests;
			sourceTree = "<group>";
		};
		78ACCF56292BE14C00528FDE /* Views */ = {
			isa = PBXGroup;
			children = (
				78ACCF29292BE11B00528FDE /* ContentView.swift */,
				157C5725292D210100E0957A /* HomeView.swift */,
				154A0D4D292E5EC5000EA6F9 /* WatchlistView.swift */,
				78EDD50C292FB1E8005B56A2 /* NewsView.swift */,
				15E25D772937A70200F4F4C6 /* LineChart.swift */,
				780948E629391171005C2A63 /* GraphCharView.swift */,
				780948E8293911AC005C2A63 /* IndividualStockView.swift */,
				780948EC2939247F005C2A63 /* SheetView.swift */,
				158D89EE2939E67D0071D276 /* LoginView.swift */,
				158D89F2293A190C0071D276 /* AccountView.swift */,
				780676102940015900779B15 /* WatchlistViewForNonUsers.swift */,
			);
			path = Views;
			sourceTree = "<group>";
		};
		78ACCF59292BE82900528FDE /* Service */ = {
			isa = PBXGroup;
			children = (
				78ACCF5A292BE91100528FDE /* DataService.swift */,
				78EDD508292EF1C7005B56A2 /* NewsDataService.swift */,
				15FAFE3A293132A4008C4670 /* StockSearchService.swift */,
				15FAFE41293508C1008C4670 /* CurrencyDataService.swift */,
				780948E42939109E005C2A63 /* CompanyOverviewDataService.swift */,
			);
			path = Service;
			sourceTree = "<group>";
		};
		78EDD4FD292D1C44005B56A2 /* Model */ = {
			isa = PBXGroup;
			children = (
				157E4156292C08FA00522665 /* StockData.swift */,
				78EDD506292EE9AB005B56A2 /* NewsData.swift */,
				15FAFE382931326C008C4670 /* StockSearchData.swift */,
				15FAFE43293508F1008C4670 /* CurrencyData.swift */,
				780948E229391045005C2A63 /* CompanyOverviewData.swift */,
			);
			path = Model;
			sourceTree = "<group>";
		};
		78EDD505292D2F4D005B56A2 /* ViewModel */ = {
			isa = PBXGroup;
			children = (
				78EDD503292D2258005B56A2 /* StockDataViewModel.swift */,
				78EDD50A292EF5C2005B56A2 /* NewsDataViewModel.swift */,
				15FAFE3629313240008C4670 /* StockSearchViewModel.swift */,
				780948EA29391542005C2A63 /* CompanyOverviewViewModel.swift */,
				158D89F02939E6CC0071D276 /* LoginViewViewModel.swift */,
			);
			path = ViewModel;
			sourceTree = "<group>";
		};
/* End PBXGroup section */

/* Begin PBXNativeTarget section */
		78ACCF23292BE11B00528FDE /* MoneyBuzz */ = {
			isa = PBXNativeTarget;
			buildConfigurationList = 78ACCF4D292BE11E00528FDE /* Build configuration list for PBXNativeTarget "MoneyBuzz" */;
			buildPhases = (
				78ACCF20292BE11B00528FDE /* Sources */,
				78ACCF21292BE11B00528FDE /* Frameworks */,
				78ACCF22292BE11B00528FDE /* Resources */,
			);
			buildRules = (
			);
			dependencies = (
			);
			name = MoneyBuzz;
			packageProductDependencies = (
				15E25D7A2938F92200F4F4C6 /* FirebaseAuth */,
				15E25D7C2938F92200F4F4C6 /* FirebaseFirestore */,
			);
			productName = MoneyBuzz;
			productReference = 78ACCF24292BE11B00528FDE /* MoneyBuzz.app */;
			productType = "com.apple.product-type.application";
		};
		78ACCF38292BE11E00528FDE /* MoneyBuzzTests */ = {
			isa = PBXNativeTarget;
			buildConfigurationList = 78ACCF50292BE11E00528FDE /* Build configuration list for PBXNativeTarget "MoneyBuzzTests" */;
			buildPhases = (
				78ACCF35292BE11E00528FDE /* Sources */,
				78ACCF36292BE11E00528FDE /* Frameworks */,
				78ACCF37292BE11E00528FDE /* Resources */,
			);
			buildRules = (
			);
			dependencies = (
				78ACCF3B292BE11E00528FDE /* PBXTargetDependency */,
			);
			name = MoneyBuzzTests;
			productName = MoneyBuzzTests;
			productReference = 78ACCF39292BE11E00528FDE /* MoneyBuzzTests.xctest */;
			productType = "com.apple.product-type.bundle.unit-test";
		};
		78ACCF42292BE11E00528FDE /* MoneyBuzzUITests */ = {
			isa = PBXNativeTarget;
			buildConfigurationList = 78ACCF53292BE11E00528FDE /* Build configuration list for PBXNativeTarget "MoneyBuzzUITests" */;
			buildPhases = (
				78ACCF3F292BE11E00528FDE /* Sources */,
				78ACCF40292BE11E00528FDE /* Frameworks */,
				78ACCF41292BE11E00528FDE /* Resources */,
			);
			buildRules = (
			);
			dependencies = (
				78ACCF45292BE11E00528FDE /* PBXTargetDependency */,
			);
			name = MoneyBuzzUITests;
			productName = MoneyBuzzUITests;
			productReference = 78ACCF43292BE11E00528FDE /* MoneyBuzzUITests.xctest */;
			productType = "com.apple.product-type.bundle.ui-testing";
		};
/* End PBXNativeTarget section */

/* Begin PBXProject section */
		78ACCF1C292BE11B00528FDE /* Project object */ = {
			isa = PBXProject;
			attributes = {
				BuildIndependentTargetsInParallel = 1;
				LastSwiftUpdateCheck = 1410;
				LastUpgradeCheck = 1410;
				TargetAttributes = {
					78ACCF23292BE11B00528FDE = {
						CreatedOnToolsVersion = 14.1;
					};
					78ACCF38292BE11E00528FDE = {
						CreatedOnToolsVersion = 14.1;
						TestTargetID = 78ACCF23292BE11B00528FDE;
					};
					78ACCF42292BE11E00528FDE = {
						CreatedOnToolsVersion = 14.1;
						TestTargetID = 78ACCF23292BE11B00528FDE;
					};
				};
			};
			buildConfigurationList = 78ACCF1F292BE11B00528FDE /* Build configuration list for PBXProject "MoneyBuzz" */;
			compatibilityVersion = "Xcode 14.0";
			developmentRegion = en;
			hasScannedForEncodings = 0;
			knownRegions = (
				en,
				Base,
			);
			mainGroup = 78ACCF1B292BE11B00528FDE;
			packageReferences = (
				15E25D792938F92200F4F4C6 /* XCRemoteSwiftPackageReference "firebase-ios-sdk" */,
			);
			productRefGroup = 78ACCF25292BE11B00528FDE /* Products */;
			projectDirPath = "";
			projectRoot = "";
			targets = (
				78ACCF23292BE11B00528FDE /* MoneyBuzz */,
				78ACCF38292BE11E00528FDE /* MoneyBuzzTests */,
				78ACCF42292BE11E00528FDE /* MoneyBuzzUITests */,
			);
		};
/* End PBXProject section */

/* Begin PBXResourcesBuildPhase section */
		78ACCF22292BE11B00528FDE /* Resources */ = {
			isa = PBXResourcesBuildPhase;
			buildActionMask = 2147483647;
			files = (
				78ACCF2F292BE11D00528FDE /* Preview Assets.xcassets in Resources */,
				78ACCF2C292BE11D00528FDE /* Assets.xcassets in Resources */,
				15E25D7F2938F99E00F4F4C6 /* GoogleService-Info.plist in Resources */,
			);
			runOnlyForDeploymentPostprocessing = 0;
		};
		78ACCF37292BE11E00528FDE /* Resources */ = {
			isa = PBXResourcesBuildPhase;
			buildActionMask = 2147483647;
			files = (
			);
			runOnlyForDeploymentPostprocessing = 0;
		};
		78ACCF41292BE11E00528FDE /* Resources */ = {
			isa = PBXResourcesBuildPhase;
			buildActionMask = 2147483647;
			files = (
			);
			runOnlyForDeploymentPostprocessing = 0;
		};
/* End PBXResourcesBuildPhase section */

/* Begin PBXSourcesBuildPhase section */
		78ACCF20292BE11B00528FDE /* Sources */ = {
			isa = PBXSourcesBuildPhase;
			buildActionMask = 2147483647;
			files = (
				780948E329391045005C2A63 /* CompanyOverviewData.swift in Sources */,
				15556E16293E3D4D004B7D75 /* ViewModifiers.swift in Sources */,
				15FAFE44293508F1008C4670 /* CurrencyData.swift in Sources */,
				78ACCF31292BE11D00528FDE /* Persistence.swift in Sources */,
				780948E52939109E005C2A63 /* CompanyOverviewDataService.swift in Sources */,
				158D89F3293A190C0071D276 /* AccountView.swift in Sources */,
				158D89F12939E6CC0071D276 /* LoginViewViewModel.swift in Sources */,
				157C5726292D210100E0957A /* HomeView.swift in Sources */,
				780948E729391171005C2A63 /* GraphCharView.swift in Sources */,
				78ACCF34292BE11D00528FDE /* MoneyBuzz.xcdatamodeld in Sources */,
				157E4157292C08FA00522665 /* StockData.swift in Sources */,
				78EDD507292EE9AB005B56A2 /* NewsData.swift in Sources */,
				15FAFE392931326C008C4670 /* StockSearchData.swift in Sources */,
				158D89EF2939E67D0071D276 /* LoginView.swift in Sources */,
				15E25D782937A70200F4F4C6 /* LineChart.swift in Sources */,
				15FAFE3729313240008C4670 /* StockSearchViewModel.swift in Sources */,
				780948ED2939247F005C2A63 /* SheetView.swift in Sources */,
				78ACCF2A292BE11B00528FDE /* ContentView.swift in Sources */,
				78EDD509292EF1C7005B56A2 /* NewsDataService.swift in Sources */,
				78EDD50D292FB1E8005B56A2 /* NewsView.swift in Sources */,
				78EDD504292D2258005B56A2 /* StockDataViewModel.swift in Sources */,
				780676112940015900779B15 /* WatchlistViewForNonUsers.swift in Sources */,
				15FAFE42293508C1008C4670 /* CurrencyDataService.swift in Sources */,
				780948E9293911AC005C2A63 /* IndividualStockView.swift in Sources */,
				78ACCF28292BE11B00528FDE /* MoneyBuzzApp.swift in Sources */,
				780948EB29391542005C2A63 /* CompanyOverviewViewModel.swift in Sources */,
				78EDD50B292EF5C2005B56A2 /* NewsDataViewModel.swift in Sources */,
				154A0D4E292E5EC5000EA6F9 /* WatchlistView.swift in Sources */,
				15FAFE3B293132A4008C4670 /* StockSearchService.swift in Sources */,
				78ACCF5B292BE91100528FDE /* DataService.swift in Sources */,
			);
			runOnlyForDeploymentPostprocessing = 0;
		};
		78ACCF35292BE11E00528FDE /* Sources */ = {
			isa = PBXSourcesBuildPhase;
			buildActionMask = 2147483647;
			files = (
				78ACCF3E292BE11E00528FDE /* MoneyBuzzTests.swift in Sources */,
			);
			runOnlyForDeploymentPostprocessing = 0;
		};
		78ACCF3F292BE11E00528FDE /* Sources */ = {
			isa = PBXSourcesBuildPhase;
			buildActionMask = 2147483647;
			files = (
				78ACCF4A292BE11E00528FDE /* MoneyBuzzUITestsLaunchTests.swift in Sources */,
				78ACCF48292BE11E00528FDE /* MoneyBuzzUITests.swift in Sources */,
			);
			runOnlyForDeploymentPostprocessing = 0;
		};
/* End PBXSourcesBuildPhase section */

/* Begin PBXTargetDependency section */
		78ACCF3B292BE11E00528FDE /* PBXTargetDependency */ = {
			isa = PBXTargetDependency;
			target = 78ACCF23292BE11B00528FDE /* MoneyBuzz */;
			targetProxy = 78ACCF3A292BE11E00528FDE /* PBXContainerItemProxy */;
		};
		78ACCF45292BE11E00528FDE /* PBXTargetDependency */ = {
			isa = PBXTargetDependency;
			target = 78ACCF23292BE11B00528FDE /* MoneyBuzz */;
			targetProxy = 78ACCF44292BE11E00528FDE /* PBXContainerItemProxy */;
		};
/* End PBXTargetDependency section */

/* Begin XCBuildConfiguration section */
		78ACCF4B292BE11E00528FDE /* Debug */ = {
			isa = XCBuildConfiguration;
			buildSettings = {
				ALWAYS_SEARCH_USER_PATHS = NO;
				CLANG_ANALYZER_NONNULL = YES;
				CLANG_ANALYZER_NUMBER_OBJECT_CONVERSION = YES_AGGRESSIVE;
				CLANG_CXX_LANGUAGE_STANDARD = "gnu++20";
				CLANG_ENABLE_MODULES = YES;
				CLANG_ENABLE_OBJC_ARC = YES;
				CLANG_ENABLE_OBJC_WEAK = YES;
				CLANG_WARN_BLOCK_CAPTURE_AUTORELEASING = YES;
				CLANG_WARN_BOOL_CONVERSION = YES;
				CLANG_WARN_COMMA = YES;
				CLANG_WARN_CONSTANT_CONVERSION = YES;
				CLANG_WARN_DEPRECATED_OBJC_IMPLEMENTATIONS = YES;
				CLANG_WARN_DIRECT_OBJC_ISA_USAGE = YES_ERROR;
				CLANG_WARN_DOCUMENTATION_COMMENTS = YES;
				CLANG_WARN_EMPTY_BODY = YES;
				CLANG_WARN_ENUM_CONVERSION = YES;
				CLANG_WARN_INFINITE_RECURSION = YES;
				CLANG_WARN_INT_CONVERSION = YES;
				CLANG_WARN_NON_LITERAL_NULL_CONVERSION = YES;
				CLANG_WARN_OBJC_IMPLICIT_RETAIN_SELF = YES;
				CLANG_WARN_OBJC_LITERAL_CONVERSION = YES;
				CLANG_WARN_OBJC_ROOT_CLASS = YES_ERROR;
				CLANG_WARN_QUOTED_INCLUDE_IN_FRAMEWORK_HEADER = YES;
				CLANG_WARN_RANGE_LOOP_ANALYSIS = YES;
				CLANG_WARN_STRICT_PROTOTYPES = YES;
				CLANG_WARN_SUSPICIOUS_MOVE = YES;
				CLANG_WARN_UNGUARDED_AVAILABILITY = YES_AGGRESSIVE;
				CLANG_WARN_UNREACHABLE_CODE = YES;
				CLANG_WARN__DUPLICATE_METHOD_MATCH = YES;
				COPY_PHASE_STRIP = NO;
				DEBUG_INFORMATION_FORMAT = dwarf;
				ENABLE_STRICT_OBJC_MSGSEND = YES;
				ENABLE_TESTABILITY = YES;
				GCC_C_LANGUAGE_STANDARD = gnu11;
				GCC_DYNAMIC_NO_PIC = NO;
				GCC_NO_COMMON_BLOCKS = YES;
				GCC_OPTIMIZATION_LEVEL = 0;
				GCC_PREPROCESSOR_DEFINITIONS = (
					"DEBUG=1",
					"$(inherited)",
				);
				GCC_WARN_64_TO_32_BIT_CONVERSION = YES;
				GCC_WARN_ABOUT_RETURN_TYPE = YES_ERROR;
				GCC_WARN_UNDECLARED_SELECTOR = YES;
				GCC_WARN_UNINITIALIZED_AUTOS = YES_AGGRESSIVE;
				GCC_WARN_UNUSED_FUNCTION = YES;
				GCC_WARN_UNUSED_VARIABLE = YES;
				IPHONEOS_DEPLOYMENT_TARGET = 16.1;
				MTL_ENABLE_DEBUG_INFO = INCLUDE_SOURCE;
				MTL_FAST_MATH = YES;
				ONLY_ACTIVE_ARCH = YES;
				SDKROOT = iphoneos;
				SWIFT_ACTIVE_COMPILATION_CONDITIONS = DEBUG;
				SWIFT_OPTIMIZATION_LEVEL = "-Onone";
			};
			name = Debug;
		};
		78ACCF4C292BE11E00528FDE /* Release */ = {
			isa = XCBuildConfiguration;
			buildSettings = {
				ALWAYS_SEARCH_USER_PATHS = NO;
				CLANG_ANALYZER_NONNULL = YES;
				CLANG_ANALYZER_NUMBER_OBJECT_CONVERSION = YES_AGGRESSIVE;
				CLANG_CXX_LANGUAGE_STANDARD = "gnu++20";
				CLANG_ENABLE_MODULES = YES;
				CLANG_ENABLE_OBJC_ARC = YES;
				CLANG_ENABLE_OBJC_WEAK = YES;
				CLANG_WARN_BLOCK_CAPTURE_AUTORELEASING = YES;
				CLANG_WARN_BOOL_CONVERSION = YES;
				CLANG_WARN_COMMA = YES;
				CLANG_WARN_CONSTANT_CONVERSION = YES;
				CLANG_WARN_DEPRECATED_OBJC_IMPLEMENTATIONS = YES;
				CLANG_WARN_DIRECT_OBJC_ISA_USAGE = YES_ERROR;
				CLANG_WARN_DOCUMENTATION_COMMENTS = YES;
				CLANG_WARN_EMPTY_BODY = YES;
				CLANG_WARN_ENUM_CONVERSION = YES;
				CLANG_WARN_INFINITE_RECURSION = YES;
				CLANG_WARN_INT_CONVERSION = YES;
				CLANG_WARN_NON_LITERAL_NULL_CONVERSION = YES;
				CLANG_WARN_OBJC_IMPLICIT_RETAIN_SELF = YES;
				CLANG_WARN_OBJC_LITERAL_CONVERSION = YES;
				CLANG_WARN_OBJC_ROOT_CLASS = YES_ERROR;
				CLANG_WARN_QUOTED_INCLUDE_IN_FRAMEWORK_HEADER = YES;
				CLANG_WARN_RANGE_LOOP_ANALYSIS = YES;
				CLANG_WARN_STRICT_PROTOTYPES = YES;
				CLANG_WARN_SUSPICIOUS_MOVE = YES;
				CLANG_WARN_UNGUARDED_AVAILABILITY = YES_AGGRESSIVE;
				CLANG_WARN_UNREACHABLE_CODE = YES;
				CLANG_WARN__DUPLICATE_METHOD_MATCH = YES;
				COPY_PHASE_STRIP = NO;
				DEBUG_INFORMATION_FORMAT = "dwarf-with-dsym";
				ENABLE_NS_ASSERTIONS = NO;
				ENABLE_STRICT_OBJC_MSGSEND = YES;
				GCC_C_LANGUAGE_STANDARD = gnu11;
				GCC_NO_COMMON_BLOCKS = YES;
				GCC_WARN_64_TO_32_BIT_CONVERSION = YES;
				GCC_WARN_ABOUT_RETURN_TYPE = YES_ERROR;
				GCC_WARN_UNDECLARED_SELECTOR = YES;
				GCC_WARN_UNINITIALIZED_AUTOS = YES_AGGRESSIVE;
				GCC_WARN_UNUSED_FUNCTION = YES;
				GCC_WARN_UNUSED_VARIABLE = YES;
				IPHONEOS_DEPLOYMENT_TARGET = 16.1;
				MTL_ENABLE_DEBUG_INFO = NO;
				MTL_FAST_MATH = YES;
				SDKROOT = iphoneos;
				SWIFT_COMPILATION_MODE = wholemodule;
				SWIFT_OPTIMIZATION_LEVEL = "-O";
				VALIDATE_PRODUCT = YES;
			};
			name = Release;
		};
		78ACCF4E292BE11E00528FDE /* Debug */ = {
			isa = XCBuildConfiguration;
			buildSettings = {
				ASSETCATALOG_COMPILER_APPICON_NAME = AppIcon;
				ASSETCATALOG_COMPILER_GLOBAL_ACCENT_COLOR_NAME = AccentColor;
				CODE_SIGN_STYLE = Automatic;
				CURRENT_PROJECT_VERSION = 1;
				DEVELOPMENT_ASSET_PATHS = "\"MoneyBuzz/Preview Content\"";
				DEVELOPMENT_TEAM = "";
				ENABLE_PREVIEWS = YES;
				GENERATE_INFOPLIST_FILE = YES;
				INFOPLIST_FILE = MoneyBuzz/Info.plist;
				INFOPLIST_KEY_UIApplicationSceneManifest_Generation = YES;
				INFOPLIST_KEY_UIApplicationSupportsIndirectInputEvents = YES;
				INFOPLIST_KEY_UISupportedInterfaceOrientations_iPad = "UIInterfaceOrientationPortrait UIInterfaceOrientationPortraitUpsideDown UIInterfaceOrientationLandscapeLeft UIInterfaceOrientationLandscapeRight";
				INFOPLIST_KEY_UISupportedInterfaceOrientations_iPhone = "UIInterfaceOrientationPortrait UIInterfaceOrientationLandscapeLeft UIInterfaceOrientationLandscapeRight";
				LD_RUNPATH_SEARCH_PATHS = (
					"$(inherited)",
					"@executable_path/Frameworks",
				);
				MARKETING_VERSION = 1.0;
				PRODUCT_BUNDLE_IDENTIFIER = ju.dmp.2022.MoneyBuzz;
				PRODUCT_NAME = "$(TARGET_NAME)";
				SWIFT_EMIT_LOC_STRINGS = YES;
				SWIFT_VERSION = 5.0;
				TARGETED_DEVICE_FAMILY = "1,2";
			};
			name = Debug;
		};
		78ACCF4F292BE11E00528FDE /* Release */ = {
			isa = XCBuildConfiguration;
			buildSettings = {
				ASSETCATALOG_COMPILER_APPICON_NAME = AppIcon;
				ASSETCATALOG_COMPILER_GLOBAL_ACCENT_COLOR_NAME = AccentColor;
				CODE_SIGN_STYLE = Automatic;
				CURRENT_PROJECT_VERSION = 1;
				DEVELOPMENT_ASSET_PATHS = "\"MoneyBuzz/Preview Content\"";
				DEVELOPMENT_TEAM = "";
				ENABLE_PREVIEWS = YES;
				GENERATE_INFOPLIST_FILE = YES;
				INFOPLIST_FILE = MoneyBuzz/Info.plist;
				INFOPLIST_KEY_UIApplicationSceneManifest_Generation = YES;
				INFOPLIST_KEY_UIApplicationSupportsIndirectInputEvents = YES;
				INFOPLIST_KEY_UISupportedInterfaceOrientations_iPad = "UIInterfaceOrientationPortrait UIInterfaceOrientationPortraitUpsideDown UIInterfaceOrientationLandscapeLeft UIInterfaceOrientationLandscapeRight";
				INFOPLIST_KEY_UISupportedInterfaceOrientations_iPhone = "UIInterfaceOrientationPortrait UIInterfaceOrientationLandscapeLeft UIInterfaceOrientationLandscapeRight";
				LD_RUNPATH_SEARCH_PATHS = (
					"$(inherited)",
					"@executable_path/Frameworks",
				);
				MARKETING_VERSION = 1.0;
				PRODUCT_BUNDLE_IDENTIFIER = ju.dmp.2022.MoneyBuzz;
				PRODUCT_NAME = "$(TARGET_NAME)";
				SWIFT_EMIT_LOC_STRINGS = YES;
				SWIFT_VERSION = 5.0;
				TARGETED_DEVICE_FAMILY = "1,2";
			};
			name = Release;
		};
		78ACCF51292BE11E00528FDE /* Debug */ = {
			isa = XCBuildConfiguration;
			buildSettings = {
				ALWAYS_EMBED_SWIFT_STANDARD_LIBRARIES = YES;
				BUNDLE_LOADER = "$(TEST_HOST)";
				CODE_SIGN_STYLE = Automatic;
				CURRENT_PROJECT_VERSION = 1;
				DEVELOPMENT_TEAM = S9RZ9K6S84;
				GENERATE_INFOPLIST_FILE = YES;
				IPHONEOS_DEPLOYMENT_TARGET = 16.1;
				MARKETING_VERSION = 1.0;
				PRODUCT_BUNDLE_IDENTIFIER = ju.dmp.2022.MoneyBuzzTests;
				PRODUCT_NAME = "$(TARGET_NAME)";
				SWIFT_EMIT_LOC_STRINGS = NO;
				SWIFT_VERSION = 5.0;
				TARGETED_DEVICE_FAMILY = "1,2";
				TEST_HOST = "$(BUILT_PRODUCTS_DIR)/MoneyBuzz.app/$(BUNDLE_EXECUTABLE_FOLDER_PATH)/MoneyBuzz";
			};
			name = Debug;
		};
		78ACCF52292BE11E00528FDE /* Release */ = {
			isa = XCBuildConfiguration;
			buildSettings = {
				ALWAYS_EMBED_SWIFT_STANDARD_LIBRARIES = YES;
				BUNDLE_LOADER = "$(TEST_HOST)";
				CODE_SIGN_STYLE = Automatic;
				CURRENT_PROJECT_VERSION = 1;
				DEVELOPMENT_TEAM = S9RZ9K6S84;
				GENERATE_INFOPLIST_FILE = YES;
				IPHONEOS_DEPLOYMENT_TARGET = 16.1;
				MARKETING_VERSION = 1.0;
				PRODUCT_BUNDLE_IDENTIFIER = ju.dmp.2022.MoneyBuzzTests;
				PRODUCT_NAME = "$(TARGET_NAME)";
				SWIFT_EMIT_LOC_STRINGS = NO;
				SWIFT_VERSION = 5.0;
				TARGETED_DEVICE_FAMILY = "1,2";
				TEST_HOST = "$(BUILT_PRODUCTS_DIR)/MoneyBuzz.app/$(BUNDLE_EXECUTABLE_FOLDER_PATH)/MoneyBuzz";
			};
			name = Release;
		};
		78ACCF54292BE11E00528FDE /* Debug */ = {
			isa = XCBuildConfiguration;
			buildSettings = {
				ALWAYS_EMBED_SWIFT_STANDARD_LIBRARIES = YES;
				CODE_SIGN_STYLE = Automatic;
				CURRENT_PROJECT_VERSION = 1;
				DEVELOPMENT_TEAM = S9RZ9K6S84;
				GENERATE_INFOPLIST_FILE = YES;
				MARKETING_VERSION = 1.0;
				PRODUCT_BUNDLE_IDENTIFIER = ju.dmp.2022.MoneyBuzzUITests;
				PRODUCT_NAME = "$(TARGET_NAME)";
				SWIFT_EMIT_LOC_STRINGS = NO;
				SWIFT_VERSION = 5.0;
				TARGETED_DEVICE_FAMILY = "1,2";
				TEST_TARGET_NAME = MoneyBuzz;
			};
			name = Debug;
		};
		78ACCF55292BE11E00528FDE /* Release */ = {
			isa = XCBuildConfiguration;
			buildSettings = {
				ALWAYS_EMBED_SWIFT_STANDARD_LIBRARIES = YES;
				CODE_SIGN_STYLE = Automatic;
				CURRENT_PROJECT_VERSION = 1;
				DEVELOPMENT_TEAM = S9RZ9K6S84;
				GENERATE_INFOPLIST_FILE = YES;
				MARKETING_VERSION = 1.0;
				PRODUCT_BUNDLE_IDENTIFIER = ju.dmp.2022.MoneyBuzzUITests;
				PRODUCT_NAME = "$(TARGET_NAME)";
				SWIFT_EMIT_LOC_STRINGS = NO;
				SWIFT_VERSION = 5.0;
				TARGETED_DEVICE_FAMILY = "1,2";
				TEST_TARGET_NAME = MoneyBuzz;
			};
			name = Release;
		};
/* End XCBuildConfiguration section */

/* Begin XCConfigurationList section */
		78ACCF1F292BE11B00528FDE /* Build configuration list for PBXProject "MoneyBuzz" */ = {
			isa = XCConfigurationList;
			buildConfigurations = (
				78ACCF4B292BE11E00528FDE /* Debug */,
				78ACCF4C292BE11E00528FDE /* Release */,
			);
			defaultConfigurationIsVisible = 0;
			defaultConfigurationName = Release;
		};
		78ACCF4D292BE11E00528FDE /* Build configuration list for PBXNativeTarget "MoneyBuzz" */ = {
			isa = XCConfigurationList;
			buildConfigurations = (
				78ACCF4E292BE11E00528FDE /* Debug */,
				78ACCF4F292BE11E00528FDE /* Release */,
			);
			defaultConfigurationIsVisible = 0;
			defaultConfigurationName = Release;
		};
		78ACCF50292BE11E00528FDE /* Build configuration list for PBXNativeTarget "MoneyBuzzTests" */ = {
			isa = XCConfigurationList;
			buildConfigurations = (
				78ACCF51292BE11E00528FDE /* Debug */,
				78ACCF52292BE11E00528FDE /* Release */,
			);
			defaultConfigurationIsVisible = 0;
			defaultConfigurationName = Release;
		};
		78ACCF53292BE11E00528FDE /* Build configuration list for PBXNativeTarget "MoneyBuzzUITests" */ = {
			isa = XCConfigurationList;
			buildConfigurations = (
				78ACCF54292BE11E00528FDE /* Debug */,
				78ACCF55292BE11E00528FDE /* Release */,
			);
			defaultConfigurationIsVisible = 0;
			defaultConfigurationName = Release;
		};
/* End XCConfigurationList section */

/* Begin XCRemoteSwiftPackageReference section */
		15E25D792938F92200F4F4C6 /* XCRemoteSwiftPackageReference "firebase-ios-sdk" */ = {
			isa = XCRemoteSwiftPackageReference;
			repositoryURL = "https://github.com/firebase/firebase-ios-sdk.git";
			requirement = {
				kind = upToNextMajorVersion;
				minimumVersion = 9.0.0;
			};
		};
/* End XCRemoteSwiftPackageReference section */

/* Begin XCSwiftPackageProductDependency section */
		15E25D7A2938F92200F4F4C6 /* FirebaseAuth */ = {
			isa = XCSwiftPackageProductDependency;
			package = 15E25D792938F92200F4F4C6 /* XCRemoteSwiftPackageReference "firebase-ios-sdk" */;
			productName = FirebaseAuth;
		};
		15E25D7C2938F92200F4F4C6 /* FirebaseFirestore */ = {
			isa = XCSwiftPackageProductDependency;
			package = 15E25D792938F92200F4F4C6 /* XCRemoteSwiftPackageReference "firebase-ios-sdk" */;
			productName = FirebaseFirestore;
		};
/* End XCSwiftPackageProductDependency section */

/* Begin XCVersionGroup section */
		78ACCF32292BE11D00528FDE /* MoneyBuzz.xcdatamodeld */ = {
			isa = XCVersionGroup;
			children = (
				78ACCF33292BE11D00528FDE /* MoneyBuzz.xcdatamodel */,
			);
			currentVersion = 78ACCF33292BE11D00528FDE /* MoneyBuzz.xcdatamodel */;
			path = MoneyBuzz.xcdatamodeld;
			sourceTree = "<group>";
			versionGroupType = wrapper.xcdatamodel;
		};
/* End XCVersionGroup section */
	};
	rootObject = 78ACCF1C292BE11B00528FDE /* Project object */;
}
